<?xml version="1.0" encoding="utf-8"?>
<Project ToolsVersion="4.0" xmlns="http://schemas.microsoft.com/developer/msbuild/2003">
  <ItemGroup>
    <Filter Include="Source Files">
      <UniqueIdentifier>{4FC737F1-C7A5-4376-A066-2A32D752A2FF}</UniqueIdentifier>
      <Extensions>cpp;c;cc;cxx;def;odl;idl;hpj;bat;asm;asmx</Extensions>
    </Filter>
    <Filter Include="Header Files">
      <UniqueIdentifier>{93995380-89BD-4b04-88EB-625FBE52EBFB}</UniqueIdentifier>
      <Extensions>h;hh;hpp;hxx;hm;inl;inc;ipp;xsd</Extensions>
    </Filter>
    <Filter Include="Resource Files">
      <UniqueIdentifier>{67DA6AB6-F800-4c08-8B7A-83BB121AAD01}</UniqueIdentifier>
      <Extensions>rc;ico;cur;bmp;dlg;rc2;rct;bin;rgs;gif;jpg;jpeg;jpe;resx;tiff;tif;png;wav;mfcribbon-ms</Extensions>
    </Filter>
  </ItemGroup>
  <ItemGroup>
    <ClCompile Include="src\glad.c">
      <Filter>Source Files</Filter>
    </ClCompile>
    <ClCompile Include="src\main.cpp">
      <Filter>Source Files</Filter>
    </ClCompile>
    <ClCompile Include="src\imguit\imgui.cpp">
      <Filter>Source Files</Filter>
    </ClCompile>
    <ClCompile Include="src\imguit\imgui_demo.cpp">
      <Filter>Source Files</Filter>
    </ClCompile>
    <ClCompile Include="src\imguit\imgui_draw.cpp">
      <Filter>Source Files</Filter>
    </ClCompile>
    <ClCompile Include="src\imguit\imgui_impl_glfw.cpp">
      <Filter>Source Files</Filter>
    </ClCompile>
    <ClCompile Include="src\imguit\imgui_widgets.cpp">
      <Filter>Source Files</Filter>
    </ClCompile>
    <ClCompile Include="src\graphicsapi\openglwnd.cpp">
      <Filter>Source Files</Filter>
    </ClCompile>
    <ClCompile Include="src\core\imguibase.cpp">
      <Filter>Source Files</Filter>
    </ClCompile>
    <ClCompile Include="src\core\openglgui.cpp">
      <Filter>Source Files</Filter>
    </ClCompile>
    <ClCompile Include="src\core\stb_image.cpp">
      <Filter>Source Files</Filter>
    </ClCompile>
    <ClCompile Include="src\core\texture.cpp">
      <Filter>Source Files</Filter>
    </ClCompile>
    <ClCompile Include="src\core\events\events.cpp">
      <Filter>Source Files</Filter>
    </ClCompile>
    <ClCompile Include="src\application\app.cpp">
      <Filter>Source Files</Filter>
    </ClCompile>
    <ClCompile Include="src\core\text.cpp">
      <Filter>Source Files</Filter>
    </ClCompile>
    <ClCompile Include="src\graphicsapi\windowabstaraction.cpp">
      <Filter>Source Files</Filter>
    </ClCompile>
    <ClCompile Include="src\graphicsapi\dx12.cpp">
      <Filter>Source Files</Filter>
    </ClCompile>
    <ClCompile Include="src\core\OpenGL\vao.cpp">
      <Filter>Source Files</Filter>
    </ClCompile>
    <ClCompile Include="src\core\OpenGL\indexbuffer.cpp">
      <Filter>Source Files</Filter>
    </ClCompile>
    <ClCompile Include="src\core\OpenGL\framebuffero.cpp">
      <Filter>Source Files</Filter>
    </ClCompile>
    <ClCompile Include="src\core\cameras\camera.cpp">
      <Filter>Source Files</Filter>
    </ClCompile>
    <ClCompile Include="src\core\geometry\generator.cpp">
      <Filter>Source Files</Filter>
    </ClCompile>
    <ClCompile Include="src\core\events\input.cpp">
      <Filter>Source Files</Filter>
    </ClCompile>
    <ClCompile Include="src\core\utility\log.cpp">
      <Filter>Source Files</Filter>
    </ClCompile>
    <ClCompile Include="src\core\geometry\model.cpp">
      <Filter>Source Files</Filter>
    </ClCompile>
    <ClCompile Include="src\core\rendering\pipeline\shadertype.cpp">
      <Filter>Source Files</Filter>
    </ClCompile>
    <ClCompile Include="src\core\rendering\pipeline\shader.cpp">
      <Filter>Source Files</Filter>
    </ClCompile>
    <ClCompile Include="src\core\systems\filesystem.cpp">
      <Filter>Source Files</Filter>
    </ClCompile>
  </ItemGroup>
  <ItemGroup>
    <None Include="src\textures\container.jpg">
      <Filter>Resource Files</Filter>
    </None>
    <None Include="src\textures\container2.png">
      <Filter>Resource Files</Filter>
    </None>
    <None Include="src\textures\container2_specular.png">
      <Filter>Resource Files</Filter>
    </None>
    <None Include="src\textures\water-texture.jpg">
      <Filter>Resource Files</Filter>
    </None>
    <None Include="src\shaders\basicShader.fs" />
    <None Include="src\shaders\basicShader.vs" />
    <None Include="src\shaders\light.fs" />
    <None Include="src\shaders\light.vs" />
    <None Include="src\models\barrels.fbx" />
    <None Include="src\imguit\imgui.ini" />
    <None Include="src\shaders\cubeMap.fs" />
    <None Include="src\shaders\cubeMap.vs" />
    <None Include="src\shaders\lightPhongnew.fs" />
    <None Include="src\shaders\lightPhongnew.vs" />
    <None Include="src\shaders\text.fs" />
    <None Include="src\shaders\text.vs" />
    <None Include="src\shaders\depth.fs" />
    <None Include="src\shaders\depth.vs" />
    <None Include="src\shaders\lightrender.fs" />
    <None Include="src\shaders\lightrender.vs" />
    <None Include="src\shaders\basicshadows.fs" />
    <None Include="src\shaders\basicshadows.vs" />
    <None Include="src\shaders\normalShader.vs" />
    <None Include="src\shaders\normalShader.fs" />
    <None Include="src\shaders\bloom.vs" />
    <None Include="src\shaders\bloom.fs" />
    <None Include="src\shaders\blur.vs" />
    <None Include="src\shaders\blur.fs" />
    <None Include="src\shaders\blendingshader.vs" />
    <None Include="src\shaders\blendingshader.fs" />
    <None Include="src\shaders\parallaxmapping.fs" />
    <None Include="src\shaders\parallaxmapping.vs" />
    <None Include="src\shaders\gBuffer.fs" />
    <None Include="src\shaders\gBuffer.vs" />
    <None Include="src\shaders\defshading.fs" />
    <None Include="src\shaders\defshading.vs" />
  </ItemGroup>
  <ItemGroup>
    <ClInclude Include="src\imguit\imconfig.h">
      <Filter>Header Files</Filter>
    </ClInclude>
    <ClInclude Include="src\imguit\imgui.h">
      <Filter>Header Files</Filter>
    </ClInclude>
    <ClInclude Include="src\imguit\imgui_impl_glfw.h">
      <Filter>Header Files</Filter>
    </ClInclude>
    <ClInclude Include="src\imguit\imgui_internal.h">
      <Filter>Header Files</Filter>
    </ClInclude>
    <ClInclude Include="src\imguit\imstb_rectpack.h">
      <Filter>Header Files</Filter>
    </ClInclude>
    <ClInclude Include="src\imguit\imstb_textedit.h">
      <Filter>Header Files</Filter>
    </ClInclude>
    <ClInclude Include="src\imguit\imstb_truetype.h">
      <Filter>Header Files</Filter>
    </ClInclude>
    <ClInclude Include="src\graphicsapi\openglwnd.h">
      <Filter>Header Files</Filter>
    </ClInclude>
    <ClInclude Include="src\core\imguibase.h">
      <Filter>Header Files</Filter>
    </ClInclude>
    <ClInclude Include="src\core\openglgui.h">
      <Filter>Header Files</Filter>
    </ClInclude>
    <ClInclude Include="src\core\stb_image.h">
      <Filter>Header Files</Filter>
    </ClInclude>
    <ClInclude Include="src\core\texture.h">
      <Filter>Header Files</Filter>
    </ClInclude>
    <ClInclude Include="src\core\types.h">
      <Filter>Header Files</Filter>
    </ClInclude>
    <ClInclude Include="src\core\events\events.h">
      <Filter>Header Files</Filter>
    </ClInclude>
    <ClInclude Include="src\core\events\joystick.h">
      <Filter>Header Files</Filter>
    </ClInclude>
    <ClInclude Include="src\core\events\keyboard.h">
      <Filter>Header Files</Filter>
    </ClInclude>
    <ClInclude Include="src\core\events\mouseEvent.h">
      <Filter>Header Files</Filter>
    </ClInclude>
    <ClInclude Include="src\application\app.h">
      <Filter>Header Files</Filter>
    </ClInclude>
    <ClInclude Include="src\xenpch.h">
      <Filter>Header Files</Filter>
    </ClInclude>
    <ClInclude Include="src\core\text.h">
      <Filter>Header Files</Filter>
    </ClInclude>
    <ClInclude Include="src\core\math\math.h">
      <Filter>Header Files</Filter>
    </ClInclude>
    <ClInclude Include="src\core\math\vec3.h">
      <Filter>Header Files</Filter>
    </ClInclude>
    <ClInclude Include="src\core\math\vec2.h">
      <Filter>Header Files</Filter>
    </ClInclude>
    <ClInclude Include="src\core\math\vec4.h">
      <Filter>Header Files</Filter>
    </ClInclude>
    <ClInclude Include="src\core\math\mat3.h">
      <Filter>Header Files</Filter>
    </ClInclude>
    <ClInclude Include="src\core\math\mat4.h">
      <Filter>Header Files</Filter>
    </ClInclude>
    <ClInclude Include="src\core\math\quaternion.h">
      <Filter>Header Files</Filter>
    </ClInclude>
    <ClInclude Include="src\graphicsapi\windowabstaraction.h">
      <Filter>Header Files</Filter>
    </ClInclude>
    <ClInclude Include="src\graphicsapi\dx12.h">
      <Filter>Header Files</Filter>
    </ClInclude>
    <ClInclude Include="src\graphicsapi\dx11.h">
      <Filter>Header Files</Filter>
    </ClInclude>
    <ClInclude Include="src\core\d3dx12.h">
      <Filter>Header Files</Filter>
    </ClInclude>
    <ClInclude Include="src\core\Entity.h">
      <Filter>Header Files</Filter>
    </ClInclude>
    <ClInclude Include="src\material.h">
      <Filter>Header Files</Filter>
    </ClInclude>
    <ClInclude Include="src\core\OpenGL\vao.h">
      <Filter>Header Files</Filter>
    </ClInclude>
    <ClInclude Include="src\core\OpenGL\indexbuffer.h">
      <Filter>Header Files</Filter>
    </ClInclude>
    <ClInclude Include="src\core\OpenGL\framebuffero.h">
      <Filter>Header Files</Filter>
    </ClInclude>
    <ClInclude Include="src\core\cameras\camera.h">
      <Filter>Header Files</Filter>
    </ClInclude>
    <ClInclude Include="src\core\geometry\generator.h">
      <Filter>Header Files</Filter>
    </ClInclude>
    <ClInclude Include="src\core\events\input.h">
      <Filter>Header Files</Filter>
    </ClInclude>
    <ClInclude Include="src\core\utility\log.h">
      <Filter>Header Files</Filter>
    </ClInclude>
    <ClInclude Include="src\core\geometry\model.h">
      <Filter>Header Files</Filter>
    </ClInclude>
    <ClInclude Include="src\core\rendering\pipeline\shader.h">
      <Filter>Header Files</Filter>
    </ClInclude>
    <ClInclude Include="src\core\rendering\pipeline\shadertype.h">
      <Filter>Header Files</Filter>
    </ClInclude>
    <ClInclude Include="src\core\systems\filesystem.h">
      <Filter>Header Files</Filter>
    </ClInclude>
  </ItemGroup>
</Project>