<?xml version="1.0" encoding="utf-8"?>
<Project ToolsVersion="4.0" xmlns="http://schemas.microsoft.com/developer/msbuild/2003">
  <ItemGroup>
    <Filter Include="Source Files">
      <UniqueIdentifier>{4FC737F1-C7A5-4376-A066-2A32D752A2FF}</UniqueIdentifier>
      <Extensions>cpp;c;cc;cxx;def;odl;idl;hpj;bat;asm;asmx</Extensions>
    </Filter>
    <Filter Include="Header Files">
      <UniqueIdentifier>{93995380-89BD-4b04-88EB-625FBE52EBFB}</UniqueIdentifier>
      <Extensions>h;hh;hpp;hxx;hm;inl;inc;ipp;xsd</Extensions>
    </Filter>
    <Filter Include="Resource Files">
      <UniqueIdentifier>{67DA6AB6-F800-4c08-8B7A-83BB121AAD01}</UniqueIdentifier>
      <Extensions>rc;ico;cur;bmp;dlg;rc2;rct;bin;rgs;gif;jpg;jpeg;jpe;resx;tiff;tif;png;wav;mfcribbon-ms</Extensions>
    </Filter>
  </ItemGroup>
  <ItemGroup>
    <ClCompile Include="src\glad.c">
      <Filter>Source Files</Filter>
    </ClCompile>
    <ClCompile Include="src\main.cpp">
      <Filter>Source Files</Filter>
    </ClCompile>
    <ClCompile Include="src\imguit\imgui.cpp">
      <Filter>Source Files</Filter>
    </ClCompile>
    <ClCompile Include="src\imguit\imgui_demo.cpp">
      <Filter>Source Files</Filter>
    </ClCompile>
    <ClCompile Include="src\imguit\imgui_draw.cpp">
      <Filter>Source Files</Filter>
    </ClCompile>
    <ClCompile Include="src\imguit\imgui_impl_glfw.cpp">
      <Filter>Source Files</Filter>
    </ClCompile>
    <ClCompile Include="src\imguit\imgui_widgets.cpp">
      <Filter>Source Files</Filter>
    </ClCompile>
    <ClCompile Include="src\core\events\events.cpp">
      <Filter>Source Files</Filter>
    </ClCompile>
    <ClCompile Include="src\application\app.cpp">
      <Filter>Source Files</Filter>
    </ClCompile>
    <ClCompile Include="src\core\cameras\camera.cpp">
      <Filter>Source Files</Filter>
    </ClCompile>
    <ClCompile Include="src\core\geometry\generator.cpp">
      <Filter>Source Files</Filter>
    </ClCompile>
    <ClCompile Include="src\core\events\input.cpp">
      <Filter>Source Files</Filter>
    </ClCompile>
    <ClCompile Include="src\core\utility\log.cpp">
      <Filter>Source Files</Filter>
    </ClCompile>
    <ClCompile Include="src\core\geometry\model.cpp">
      <Filter>Source Files</Filter>
    </ClCompile>
    <ClCompile Include="src\core\rendering\pipeline\shadertype.cpp">
      <Filter>Source Files</Filter>
    </ClCompile>
    <ClCompile Include="src\core\rendering\pipeline\shader.cpp">
      <Filter>Source Files</Filter>
    </ClCompile>
    <ClCompile Include="src\core\systems\filesystem.cpp">
      <Filter>Source Files</Filter>
    </ClCompile>
    <ClCompile Include="src\objects\skybox.cpp">
      <Filter>Source Files</Filter>
    </ClCompile>
    <ClCompile Include="src\core\rendering\texture.cpp">
      <Filter>Source Files</Filter>
    </ClCompile>
    <ClCompile Include="src\core\rendering\openglnew\vao.cpp">
      <Filter>Source Files</Filter>
    </ClCompile>
    <ClCompile Include="src\objects\terrain.cpp">
      <Filter>Source Files</Filter>
    </ClCompile>
    <ClCompile Include="src\objects\water.cpp">
      <Filter>Source Files</Filter>
    </ClCompile>
    <ClCompile Include="src\core\math\mat4.cpp">
      <Filter>Source Files</Filter>
    </ClCompile>
    <ClCompile Include="src\core\rendering\openglnew\renderer2d.cpp">
      <Filter>Source Files</Filter>
    </ClCompile>
    <ClCompile Include="src\core\windowsystem\dx11.cpp">
      <Filter>Source Files</Filter>
    </ClCompile>
    <ClCompile Include="src\core\windowsystem\dx12.cpp">
      <Filter>Source Files</Filter>
    </ClCompile>
    <ClCompile Include="src\core\windowsystem\openglwnd.cpp">
      <Filter>Source Files</Filter>
    </ClCompile>
    <ClCompile Include="src\core\rendering\openglnew\bathcrenderer.cpp">
      <Filter>Source Files</Filter>
    </ClCompile>
    <ClCompile Include="src\core\systems\clock.cpp">
      <Filter>Source Files</Filter>
    </ClCompile>
    <ClCompile Include="src\core\rendering\ui\glui.cpp">
      <Filter>Source Files</Filter>
    </ClCompile>
    <ClCompile Include="src\imguit\imgui_impl_opengl3.cpp">
      <Filter>Source Files</Filter>
    </ClCompile>
    <ClCompile Include="src\imguit\imgui_impl_win32.cpp">
      <Filter>Source Files</Filter>
    </ClCompile>
    <ClCompile Include="src\imguit\imgui_impl_dx11.cpp">
      <Filter>Source Files</Filter>
    </ClCompile>
    <ClCompile Include="src\core\rendering\ui\dxui.cpp">
      <Filter>Source Files</Filter>
    </ClCompile>
    <ClCompile Include="src\core\rendering\ui\ui.cpp">
      <Filter>Source Files</Filter>
    </ClCompile>
    <ClCompile Include="src\core\utility\stb_image.cpp">
      <Filter>Source Files</Filter>
    </ClCompile>
    <ClCompile Include="src\core\memory\allocator.cpp">
      <Filter>Source Files</Filter>
    </ClCompile>
    <ClCompile Include="src\core\rendering\text.cpp">
      <Filter>Source Files</Filter>
    </ClCompile>
    <ClCompile Include="src\core\rendering\assets.cpp">
      <Filter>Source Files</Filter>
    </ClCompile>
    <ClCompile Include="src\core\rendering\sprite.cpp">
      <Filter>Source Files</Filter>
    </ClCompile>
    <ClCompile Include="src\core\rendering\batchsprite.cpp">
      <Filter>Source Files</Filter>
    </ClCompile>
    <ClCompile Include="src\core\rendering\layers\layer.cpp">
      <Filter>Source Files</Filter>
    </ClCompile>
    <ClCompile Include="src\core\rendering\layers\scenegraph.cpp">
      <Filter>Source Files</Filter>
    </ClCompile>
    <ClCompile Include="src\core\rendering\layers\scene2d.cpp">
      <Filter>Source Files</Filter>
    </ClCompile>
    <ClCompile Include="src\core\windowsystem\windowWin.cpp">
      <Filter>Source Files</Filter>
    </ClCompile>
    <ClCompile Include="src\core\rendering\api\dx11\dx11context.cpp">
      <Filter>Source Files</Filter>
    </ClCompile>
    <ClCompile Include="src\core\rendering\api\dx11\dx11vertexbuffer.cpp">
      <Filter>Source Files</Filter>
    </ClCompile>
    <ClCompile Include="src\core\rendering\api\dx11\dx11indexbuffer.cpp">
      <Filter>Source Files</Filter>
    </ClCompile>
    <ClCompile Include="src\core\rendering\api\dx11\dxtexture.cpp">
      <Filter>Source Files</Filter>
    </ClCompile>
    <ClCompile Include="src\core\rendering\api\opengl\vertexarray.cpp">
      <Filter>Source Files</Filter>
    </ClCompile>
    <ClCompile Include="src\core\rendering\api\opengl\indexbuffer.cpp">
      <Filter>Source Files</Filter>
    </ClCompile>
    <ClCompile Include="src\core\rendering\api\opengl\buffer.cpp">
      <Filter>Source Files</Filter>
    </ClCompile>
    <ClCompile Include="src\core\rendering\api\dx11\dxshader.cpp">
      <Filter>Source Files</Filter>
    </ClCompile>
    <ClCompile Include="src\core\rendering\openglnew\forwardrender.cpp">
      <Filter>Source Files</Filter>
    </ClCompile>
    <ClCompile Include="src\core\rendering\openglnew\defferedrender.cpp">
      <Filter>Source Files</Filter>
    </ClCompile>
    <ClCompile Include="src\core\rendering\openglnew\renderer3d.cpp">
      <Filter>Source Files</Filter>
    </ClCompile>
    <ClCompile Include="src\core\math\transforms.cpp">
      <Filter>Source Files</Filter>
    </ClCompile>
    <ClCompile Include="src\objects\pbr.cpp">
      <Filter>Source Files</Filter>
    </ClCompile>
    <ClCompile Include="src\core\rendering\pipeline\shadersBase.cpp">
      <Filter>Source Files</Filter>
    </ClCompile>
    <ClCompile Include="src\core\rendering\scenes\scene.cpp">
      <Filter>Source Files</Filter>
    </ClCompile>
    <ClCompile Include="src\core\rendering\scenes\stackscene.cpp">
      <Filter>Source Files</Filter>
    </ClCompile>
    <ClCompile Include="src\core\ecs\entitymanager.cpp">
      <Filter>Source Files</Filter>
    </ClCompile>
    <ClCompile Include="src\objects\lights\light.cpp">
      <Filter>Source Files</Filter>
    </ClCompile>
    <ClCompile Include="src\objects\lights\dirLight.cpp">
      <Filter>Source Files</Filter>
    </ClCompile>
    <ClCompile Include="src\objects\lights\pointLight.cpp">
      <Filter>Source Files</Filter>
    </ClCompile>
    <ClCompile Include="src\objects\lights\spotLight.cpp">
      <Filter>Source Files</Filter>
    </ClCompile>
    <ClCompile Include="src\core\rendering\pipeline\materials\material.cpp">
      <Filter>Source Files</Filter>
    </ClCompile>
    <ClCompile Include="src\core\rendering\pipeline\materials\pbrmaterial.cpp">
      <Filter>Source Files</Filter>
    </ClCompile>
    <ClCompile Include="src\core\rendering\pipeline\materials\basicmaterial.cpp">
      <Filter>Source Files</Filter>
    </ClCompile>
    <ClCompile Include="src\core\rendering\pipeline\materials\bpmaterial.cpp">
      <Filter>Source Files</Filter>
    </ClCompile>
    <ClCompile Include="src\objects\shadowmap.cpp">
      <Filter>Source Files</Filter>
    </ClCompile>
    <ClCompile Include="src\objects\gbuffer.cpp">
      <Filter>Source Files</Filter>
    </ClCompile>
    <ClCompile Include="src\core\utility\path.cpp">
      <Filter>Source Files</Filter>
    </ClCompile>
    <ClCompile Include="src\core\geometry\assetmanager.cpp">
      <Filter>Source Files</Filter>
    </ClCompile>
    <ClCompile Include="src\objects\terrainutils\tile.cpp">
      <Filter>Source Files</Filter>
    </ClCompile>
    <ClCompile Include="src\core\rendering\pipeline\screenspaceshader.cpp">
      <Filter>Source Files</Filter>
    </ClCompile>
    <ClCompile Include="src\core\rendering\api\opengl\glframebuffer.cpp">
      <Filter>Source Files</Filter>
    </ClCompile>
    <ClCompile Include="src\application\baseapp.cpp">
      <Filter>Source Files</Filter>
    </ClCompile>
    <ClCompile Include="src\application\testapp.cpp">
      <Filter>Source Files</Filter>
    </ClCompile>
  </ItemGroup>
  <ItemGroup>
    <None Include="src\textures\container.jpg">
      <Filter>Resource Files</Filter>
    </None>
    <None Include="src\textures\container2.png">
      <Filter>Resource Files</Filter>
    </None>
    <None Include="src\textures\container2_specular.png">
      <Filter>Resource Files</Filter>
    </None>
    <None Include="src\textures\water-texture.jpg">
      <Filter>Resource Files</Filter>
    </None>
    <None Include="src\shaders\basicShader.fs" />
    <None Include="src\shaders\basicShader.vs" />
    <None Include="src\shaders\light.fs" />
    <None Include="src\shaders\light.vs" />
    <None Include="src\models\barrels.fbx" />
    <None Include="src\imguit\imgui.ini" />
    <None Include="src\shaders\cubeMap.fs" />
    <None Include="src\shaders\cubeMap.vs" />
    <None Include="src\shaders\lightPhongnew.fs" />
    <None Include="src\shaders\lightPhongnew.vs" />
    <None Include="src\shaders\text.fs" />
    <None Include="src\shaders\text.vs" />
    <None Include="src\shaders\depth.fs" />
    <None Include="src\shaders\depth.vs" />
    <None Include="src\shaders\lightrender.fs" />
    <None Include="src\shaders\lightrender.vs" />
    <None Include="src\shaders\basicshadows.fs" />
    <None Include="src\shaders\basicshadows.vs" />
    <None Include="src\shaders\normalShader.vs" />
    <None Include="src\shaders\normalShader.fs" />
    <None Include="src\shaders\bloom.vs" />
    <None Include="src\shaders\bloom.fs" />
    <None Include="src\shaders\blur.vs" />
    <None Include="src\shaders\blur.fs" />
    <None Include="src\shaders\blendingshader.vs" />
    <None Include="src\shaders\blendingshader.fs" />
    <None Include="src\shaders\parallaxmapping.fs" />
    <None Include="src\shaders\parallaxmapping.vs" />
    <None Include="src\shaders\gBuffer.fs" />
    <None Include="src\shaders\gBuffer.vs" />
    <None Include="src\shaders\defshading.fs" />
    <None Include="src\shaders\defshading.vs" />
    <None Include="src\shaders\simplemodel.vs" />
    <None Include="src\shaders\simplemodel.fs" />
    <None Include="src\shaders\basic2d.fs" />
    <None Include="src\shaders\basic2d.vs" />
    <None Include="src\shaders\slight.vs" />
    <None Include="src\shaders\slight.fs" />
    <None Include="src\shaders\pbr.vs" />
    <None Include="src\shaders\pbr.fs" />
    <None Include="ClassDiagram.cd" />
    <None Include="src\shaders\clut.fs" />
    <None Include="src\shaders\fbo.vs" />
    <None Include="src\shaders\fbo.fs" />
    <None Include="src\shaders\simpleshader.vs" />
    <None Include="src\shaders\simpleshader.fs" />
    <None Include="src\shaders\terrain.vs" />
    <None Include="src\shaders\terrain.fs" />
    <None Include="src\shaders\simple2d.vs" />
    <None Include="src\shaders\sky.fs" />
    <None Include="src\shaders\pbr\pbr.vs" />
    <None Include="src\shaders\pbr\background.vs" />
    <None Include="src\shaders\pbr\background.fs" />
    <None Include="src\shaders\pbr\brdf.vs" />
    <None Include="src\shaders\pbr\brdf.fs" />
    <None Include="src\shaders\pbr\cubemap.vs" />
    <None Include="src\shaders\pbr\equ_to_cubemap.fs" />
    <None Include="src\shaders\pbr\irradiance.fs" />
    <None Include="src\shaders\pbr\pbr.fs" />
    <None Include="src\shaders\pbr\pref.fs" />
  </ItemGroup>
  <ItemGroup>
    <ClInclude Include="src\imguit\imconfig.h">
      <Filter>Header Files</Filter>
    </ClInclude>
    <ClInclude Include="src\imguit\imgui.h">
      <Filter>Header Files</Filter>
    </ClInclude>
    <ClInclude Include="src\imguit\imgui_impl_glfw.h">
      <Filter>Header Files</Filter>
    </ClInclude>
    <ClInclude Include="src\imguit\imgui_internal.h">
      <Filter>Header Files</Filter>
    </ClInclude>
    <ClInclude Include="src\imguit\imstb_rectpack.h">
      <Filter>Header Files</Filter>
    </ClInclude>
    <ClInclude Include="src\imguit\imstb_textedit.h">
      <Filter>Header Files</Filter>
    </ClInclude>
    <ClInclude Include="src\imguit\imstb_truetype.h">
      <Filter>Header Files</Filter>
    </ClInclude>
    <ClInclude Include="src\core\types.h">
      <Filter>Header Files</Filter>
    </ClInclude>
    <ClInclude Include="src\core\events\events.h">
      <Filter>Header Files</Filter>
    </ClInclude>
    <ClInclude Include="src\core\events\joystick.h">
      <Filter>Header Files</Filter>
    </ClInclude>
    <ClInclude Include="src\core\events\keyboard.h">
      <Filter>Header Files</Filter>
    </ClInclude>
    <ClInclude Include="src\core\events\mouseEvent.h">
      <Filter>Header Files</Filter>
    </ClInclude>
    <ClInclude Include="src\application\app.h">
      <Filter>Header Files</Filter>
    </ClInclude>
    <ClInclude Include="src\xenpch.h">
      <Filter>Header Files</Filter>
    </ClInclude>
    <ClInclude Include="src\core\math\math.h">
      <Filter>Header Files</Filter>
    </ClInclude>
    <ClInclude Include="src\core\math\vec3.h">
      <Filter>Header Files</Filter>
    </ClInclude>
    <ClInclude Include="src\core\math\vec2.h">
      <Filter>Header Files</Filter>
    </ClInclude>
    <ClInclude Include="src\core\math\vec4.h">
      <Filter>Header Files</Filter>
    </ClInclude>
    <ClInclude Include="src\core\math\mat3.h">
      <Filter>Header Files</Filter>
    </ClInclude>
    <ClInclude Include="src\core\math\mat4.h">
      <Filter>Header Files</Filter>
    </ClInclude>
    <ClInclude Include="src\core\math\quaternion.h">
      <Filter>Header Files</Filter>
    </ClInclude>
    <ClInclude Include="src\core\d3dx12.h">
      <Filter>Header Files</Filter>
    </ClInclude>
    <ClInclude Include="src\material.h">
      <Filter>Header Files</Filter>
    </ClInclude>
    <ClInclude Include="src\core\OpenGL\vao.h">
      <Filter>Header Files</Filter>
    </ClInclude>
    <ClInclude Include="src\core\OpenGL\indexbuffer.h">
      <Filter>Header Files</Filter>
    </ClInclude>
    <ClInclude Include="src\core\OpenGL\framebuffero.h">
      <Filter>Header Files</Filter>
    </ClInclude>
    <ClInclude Include="src\core\cameras\camera.h">
      <Filter>Header Files</Filter>
    </ClInclude>
    <ClInclude Include="src\core\geometry\generator.h">
      <Filter>Header Files</Filter>
    </ClInclude>
    <ClInclude Include="src\core\events\input.h">
      <Filter>Header Files</Filter>
    </ClInclude>
    <ClInclude Include="src\core\utility\log.h">
      <Filter>Header Files</Filter>
    </ClInclude>
    <ClInclude Include="src\core\geometry\model.h">
      <Filter>Header Files</Filter>
    </ClInclude>
    <ClInclude Include="src\core\rendering\pipeline\shader.h">
      <Filter>Header Files</Filter>
    </ClInclude>
    <ClInclude Include="src\core\rendering\pipeline\shadertype.h">
      <Filter>Header Files</Filter>
    </ClInclude>
    <ClInclude Include="src\core\systems\filesystem.h">
      <Filter>Header Files</Filter>
    </ClInclude>
    <ClInclude Include="src\core\utility\assert.h">
      <Filter>Header Files</Filter>
    </ClInclude>
    <ClInclude Include="src\core\containers\vector.h">
      <Filter>Header Files</Filter>
    </ClInclude>
    <ClInclude Include="src\objects\skybox.h">
      <Filter>Header Files</Filter>
    </ClInclude>
    <ClInclude Include="src\core\rendering\texture.h">
      <Filter>Header Files</Filter>
    </ClInclude>
    <ClInclude Include="src\core\rendering\openglnew\vao.h">
      <Filter>Header Files</Filter>
    </ClInclude>
    <ClInclude Include="src\objects\water.h">
      <Filter>Header Files</Filter>
    </ClInclude>
    <ClInclude Include="src\objects\terrainutils\tile.h">
      <Filter>Header Files</Filter>
    </ClInclude>
    <ClInclude Include="src\objects\terrain.h">
      <Filter>Header Files</Filter>
    </ClInclude>
    <ClInclude Include="src\audio\audio.h">
      <Filter>Header Files</Filter>
    </ClInclude>
    <ClInclude Include="src\core\math\utils.h">
      <Filter>Header Files</Filter>
    </ClInclude>
    <ClInclude Include="src\core\systems\filefunc.h">
      <Filter>Header Files</Filter>
    </ClInclude>
    <ClInclude Include="src\core\rendering\openglnew\render3d.h">
      <Filter>Header Files</Filter>
    </ClInclude>
    <ClInclude Include="src\core\rendering\openglnew\render2d.h">
      <Filter>Header Files</Filter>
    </ClInclude>
    <ClInclude Include="src\core\rendering\openglnew\irenderable2d.h">
      <Filter>Header Files</Filter>
    </ClInclude>
    <ClInclude Include="src\core\rendering\openglnew\irenderable3d.h">
      <Filter>Header Files</Filter>
    </ClInclude>
    <ClInclude Include="src\core\rendering\openglnew\renderer2d.h">
      <Filter>Header Files</Filter>
    </ClInclude>
    <ClInclude Include="src\windowsystem\dx11.h">
      <Filter>Header Files</Filter>
    </ClInclude>
    <ClInclude Include="src\windowsystem\dx12.h">
      <Filter>Header Files</Filter>
    </ClInclude>
    <ClInclude Include="src\windowsystem\openglwnd.h">
      <Filter>Header Files</Filter>
    </ClInclude>
    <ClInclude Include="src\windowsystem\windowabstaraction.h">
      <Filter>Header Files</Filter>
    </ClInclude>
    <ClInclude Include="src\core\windowsystem\dx11.h">
      <Filter>Header Files</Filter>
    </ClInclude>
    <ClInclude Include="src\core\windowsystem\dx12.h">
      <Filter>Header Files</Filter>
    </ClInclude>
    <ClInclude Include="src\core\windowsystem\openglwnd.h">
      <Filter>Header Files</Filter>
    </ClInclude>
    <ClInclude Include="src\core\rendering\openglnew\batchrenderer.h">
      <Filter>Header Files</Filter>
    </ClInclude>
    <ClInclude Include="src\core\utility\clock.h">
      <Filter>Header Files</Filter>
    </ClInclude>
    <ClInclude Include="src\core\rendering\ui\glui.h">
      <Filter>Header Files</Filter>
    </ClInclude>
    <ClInclude Include="src\imguit\imgui_impl_opengl3.h">
      <Filter>Header Files</Filter>
    </ClInclude>
    <ClInclude Include="src\imguit\imgui_impl_win32.h">
      <Filter>Header Files</Filter>
    </ClInclude>
    <ClInclude Include="src\imguit\imgui_impl_dx11.h">
      <Filter>Header Files</Filter>
    </ClInclude>
    <ClInclude Include="src\core\rendering\ui\dxui.h">
      <Filter>Header Files</Filter>
    </ClInclude>
    <ClInclude Include="src\core\rendering\ui\ui.h">
      <Filter>Header Files</Filter>
    </ClInclude>
    <ClInclude Include="src\core\utility\enstring.h">
      <Filter>Header Files</Filter>
    </ClInclude>
    <ClInclude Include="src\core\utility\stb_image.h">
      <Filter>Header Files</Filter>
    </ClInclude>
    <ClInclude Include="src\core\ecs\entity.h">
      <Filter>Header Files</Filter>
    </ClInclude>
    <ClInclude Include="src\core\memory\allocator.h">
      <Filter>Header Files</Filter>
    </ClInclude>
    <ClInclude Include="src\core\memory\enmemory.h">
      <Filter>Header Files</Filter>
    </ClInclude>
    <ClInclude Include="src\core\rendering\text.h">
      <Filter>Header Files</Filter>
    </ClInclude>
    <ClInclude Include="src\core\rendering\assets.h">
      <Filter>Header Files</Filter>
    </ClInclude>
    <ClInclude Include="src\core\rendering\sprite.h">
      <Filter>Header Files</Filter>
    </ClInclude>
    <ClInclude Include="src\core\rendering\batchsprite.h">
      <Filter>Header Files</Filter>
    </ClInclude>
    <ClInclude Include="src\core\rendering\layers\layer.h">
      <Filter>Header Files</Filter>
    </ClInclude>
    <ClInclude Include="src\core\rendering\layers\scenegraph.h">
      <Filter>Header Files</Filter>
    </ClInclude>
    <ClInclude Include="src\core\rendering\layers\scene2d.h">
      <Filter>Header Files</Filter>
    </ClInclude>
    <ClInclude Include="src\core\systems\textureload.h">
      <Filter>Header Files</Filter>
    </ClInclude>
    <ClInclude Include="src\core\rendering\texturetypes.h">
      <Filter>Header Files</Filter>
    </ClInclude>
    <ClInclude Include="src\core\windowsystem\windowWin.h">
      <Filter>Header Files</Filter>
    </ClInclude>
    <ClInclude Include="src\core\rendering\api\dx11\dx11context.h">
      <Filter>Header Files</Filter>
    </ClInclude>
    <ClInclude Include="src\core\rendering\api\dx11\dx11vertexbuffer.h">
      <Filter>Header Files</Filter>
    </ClInclude>
    <ClInclude Include="src\core\rendering\api\dx11\dx11indexbuffer.h">
      <Filter>Header Files</Filter>
    </ClInclude>
    <ClInclude Include="src\core\rendering\api\dx11\dxtexture.h">
      <Filter>Header Files</Filter>
    </ClInclude>
    <ClInclude Include="src\core\rendering\api\opengl\vertexarray.h">
      <Filter>Header Files</Filter>
    </ClInclude>
    <ClInclude Include="src\core\rendering\api\opengl\indexbuffer.h">
      <Filter>Header Files</Filter>
    </ClInclude>
    <ClInclude Include="src\core\rendering\api\opengl\buffer.h">
      <Filter>Header Files</Filter>
    </ClInclude>
    <ClInclude Include="src\core\rendering\api\dx11\dxshader.h">
      <Filter>Header Files</Filter>
    </ClInclude>
    <ClInclude Include="src\core\rendering\api\dx11\dxtypes.h">
      <Filter>Header Files</Filter>
    </ClInclude>
    <ClInclude Include="src\core\rendering\api\dx12\dx12context.h">
      <Filter>Header Files</Filter>
    </ClInclude>
    <ClInclude Include="src\core\rendering\openglnew\forwardrender.h">
      <Filter>Header Files</Filter>
    </ClInclude>
    <ClInclude Include="src\core\rendering\openglnew\defferedrender.h">
      <Filter>Header Files</Filter>
    </ClInclude>
    <ClInclude Include="src\core\rendering\openglnew\renderer3d.h">
      <Filter>Header Files</Filter>
    </ClInclude>
    <ClInclude Include="src\core\math\transforms.h">
      <Filter>Header Files</Filter>
    </ClInclude>
    <ClInclude Include="src\objects\pbr.h">
      <Filter>Header Files</Filter>
    </ClInclude>
    <ClInclude Include="src\core\rendering\pipeline\shadersBase.h">
      <Filter>Header Files</Filter>
    </ClInclude>
    <ClInclude Include="src\core\rendering\scenes\scene.h">
      <Filter>Header Files</Filter>
    </ClInclude>
    <ClInclude Include="src\core\rendering\scenes\stackscene.h">
      <Filter>Header Files</Filter>
    </ClInclude>
    <ClInclude Include="src\core\containers\stackll.h">
      <Filter>Header Files</Filter>
    </ClInclude>
    <ClInclude Include="src\core\ecs\entitymanager.h">
      <Filter>Header Files</Filter>
    </ClInclude>
    <ClInclude Include="src\objects\lights\light.h">
      <Filter>Header Files</Filter>
    </ClInclude>
    <ClInclude Include="src\objects\lights\dirLight.h">
      <Filter>Header Files</Filter>
    </ClInclude>
    <ClInclude Include="src\objects\lights\pointLight.h">
      <Filter>Header Files</Filter>
    </ClInclude>
    <ClInclude Include="src\objects\lights\spotLight.h">
      <Filter>Header Files</Filter>
    </ClInclude>
    <ClInclude Include="src\core\rendering\pipeline\materials\material.h">
      <Filter>Header Files</Filter>
    </ClInclude>
    <ClInclude Include="src\core\rendering\pipeline\materials\pbrmaterial.h">
      <Filter>Header Files</Filter>
    </ClInclude>
    <ClInclude Include="src\core\rendering\pipeline\materials\basicmaterial.h">
      <Filter>Header Files</Filter>
    </ClInclude>
    <ClInclude Include="src\core\rendering\pipeline\materials\bpmaterial.h">
      <Filter>Header Files</Filter>
    </ClInclude>
    <ClInclude Include="src\objects\shadowmap.h">
      <Filter>Header Files</Filter>
    </ClInclude>
    <ClInclude Include="src\objects\gbuffer.h">
      <Filter>Header Files</Filter>
    </ClInclude>
    <ClInclude Include="src\core\utility\path.h">
      <Filter>Header Files</Filter>
    </ClInclude>
    <ClInclude Include="src\core\utility\string.h">
      <Filter>Header Files</Filter>
    </ClInclude>
    <ClInclude Include="src\core\geometry\assetmanager.h">
      <Filter>Header Files</Filter>
    </ClInclude>
    <ClInclude Include="src\core\ecs\component.h">
      <Filter>Header Files</Filter>
    </ClInclude>
    <ClInclude Include="src\objects\animation\animation.h">
      <Filter>Header Files</Filter>
    </ClInclude>
    <ClInclude Include="src\objects\animation\skeleton.h">
      <Filter>Header Files</Filter>
    </ClInclude>
    <ClInclude Include="src\objects\animation\bone.h">
      <Filter>Header Files</Filter>
    </ClInclude>
    <ClInclude Include="src\objects\animation\keyframe.h">
      <Filter>Header Files</Filter>
    </ClInclude>
    <ClInclude Include="src\core\rendering\scenes\sceneObjects.h">
      <Filter>Header Files</Filter>
    </ClInclude>
    <ClInclude Include="src\core\rendering\pipeline\screenspaceshader.h">
      <Filter>Header Files</Filter>
    </ClInclude>
    <ClInclude Include="src\core\rendering\api\basic\vertexbuffer.h">
      <Filter>Header Files</Filter>
    </ClInclude>
    <ClInclude Include="src\core\rendering\api\basic\context.h">
      <Filter>Header Files</Filter>
    </ClInclude>
    <ClInclude Include="src\core\rendering\api\basic\indexbuffer.h">
      <Filter>Header Files</Filter>
    </ClInclude>
    <ClInclude Include="src\core\rendering\api\basic\vertexarray.h">
      <Filter>Header Files</Filter>
    </ClInclude>
    <ClInclude Include="src\core\rendering\api\basic\framebuffer.h">
      <Filter>Header Files</Filter>
    </ClInclude>
    <ClInclude Include="src\core\rendering\api\basic\texture.h">
      <Filter>Header Files</Filter>
    </ClInclude>
    <ClInclude Include="src\core\rendering\api\basic\framebufferdepth.h">
      <Filter>Header Files</Filter>
    </ClInclude>
    <ClInclude Include="src\core\rendering\api\basic\texture3d.h">
      <Filter>Header Files</Filter>
    </ClInclude>
    <ClInclude Include="src\core\rendering\api\basic\texturecube.h">
      <Filter>Header Files</Filter>
    </ClInclude>
    <ClInclude Include="src\core\rendering\api\opengl\glframebuffer.h">
      <Filter>Header Files</Filter>
    </ClInclude>
    <ClInclude Include="src\application\baseapp.h">
      <Filter>Header Files</Filter>
    </ClInclude>
    <ClInclude Include="src\core\rendering\renderType.h">
      <Filter>Header Files</Filter>
    </ClInclude>
    <ClInclude Include="src\application\testapp.h">
      <Filter>Header Files</Filter>
    </ClInclude>
    <ClInclude Include="src\core\geometry\resources.h">
      <Filter>Header Files</Filter>
    </ClInclude>
    <ClInclude Include="src\core\math\rect.h">
      <Filter>Header Files</Filter>
    </ClInclude>
    <ClInclude Include="src\core\rendering\pipeline\shaders.h">
      <Filter>Header Files</Filter>
    </ClInclude>
  </ItemGroup>
  <ItemGroup>
    <FxCompile Include="src\shaders\triangle.hlsl" />
  </ItemGroup>
  <ItemGroup>
    <Font Include="src\fonts\arial.ttf" />
  </ItemGroup>
</Project>