<?xml version="1.0" encoding="utf-8"?>
<Project ToolsVersion="4.0" xmlns="http://schemas.microsoft.com/developer/msbuild/2003">
  <ItemGroup>
    <Filter Include="Source Files">
      <UniqueIdentifier>{4FC737F1-C7A5-4376-A066-2A32D752A2FF}</UniqueIdentifier>
      <Extensions>cpp;c;cc;cxx;def;odl;idl;hpj;bat;asm;asmx</Extensions>
    </Filter>
    <Filter Include="Header Files">
      <UniqueIdentifier>{93995380-89BD-4b04-88EB-625FBE52EBFB}</UniqueIdentifier>
      <Extensions>h;hh;hpp;hxx;hm;inl;inc;ipp;xsd</Extensions>
    </Filter>
    <Filter Include="Resource Files">
      <UniqueIdentifier>{67DA6AB6-F800-4c08-8B7A-83BB121AAD01}</UniqueIdentifier>
      <Extensions>rc;ico;cur;bmp;dlg;rc2;rct;bin;rgs;gif;jpg;jpeg;jpe;resx;tiff;tif;png;wav;mfcribbon-ms</Extensions>
    </Filter>
  </ItemGroup>
  <ItemGroup>
    <ClCompile Include="src\thirdparty\imguit\imgui_impl_dx11.cpp">
      <Filter>Source Files</Filter>
    </ClCompile>
    <ClCompile Include="src\thirdparty\imguit\imgui_draw.cpp">
      <Filter>Source Files</Filter>
    </ClCompile>
    <ClCompile Include="src\thirdparty\imguit\imgui_demo.cpp">
      <Filter>Source Files</Filter>
    </ClCompile>
    <ClCompile Include="src\thirdparty\imguit\imgui.cpp">
      <Filter>Source Files</Filter>
    </ClCompile>
    <ClCompile Include="src\thirdparty\imguit\imgui_impl_opengl3.cpp">
      <Filter>Source Files</Filter>
    </ClCompile>
    <ClCompile Include="src\thirdparty\imguit\imgui_impl_win32.cpp">
      <Filter>Source Files</Filter>
    </ClCompile>
    <ClCompile Include="src\thirdparty\imguit\imgui_widgets.cpp">
      <Filter>Source Files</Filter>
    </ClCompile>
    <ClCompile Include="src\runtime\objects\gbuffer.cpp">
      <Filter>Source Files</Filter>
    </ClCompile>
    <ClCompile Include="src\runtime\core\systems\clock.cpp">
      <Filter>Source Files</Filter>
    </ClCompile>
    <ClCompile Include="src\runtime\core\systems\filesystem.cpp">
      <Filter>Source Files</Filter>
    </ClCompile>
    <ClCompile Include="src\glad.c">
      <Filter>Source Files</Filter>
    </ClCompile>
    <ClCompile Include="src\runtime\application\app.cpp">
      <Filter>Source Files</Filter>
    </ClCompile>
    <ClCompile Include="src\runtime\application\testapp.cpp">
      <Filter>Source Files</Filter>
    </ClCompile>
    <ClCompile Include="src\runtime\animation\animation.cpp">
      <Filter>Source Files</Filter>
    </ClCompile>
    <ClCompile Include="src\runtime\animation\key_frame.cpp">
      <Filter>Source Files</Filter>
    </ClCompile>
    <ClCompile Include="src\xe_graphics_device_gl.cpp">
      <Filter>Source Files</Filter>
    </ClCompile>
    <ClCompile Include="src\xe_core.cpp">
      <Filter>Source Files</Filter>
    </ClCompile>
    <ClCompile Include="src\xe_render.cpp">
      <Filter>Source Files</Filter>
    </ClCompile>
    <ClCompile Include="src\xe_render_pass.cpp">
      <Filter>Source Files</Filter>
    </ClCompile>
    <ClCompile Include="src\xe_assets.cpp">
      <Filter>Source Files</Filter>
    </ClCompile>
    <ClCompile Include="src\xe_input.cpp">
      <Filter>Source Files</Filter>
    </ClCompile>
    <ClCompile Include="src\xe_platform.cpp">
      <Filter>Source Files</Filter>
    </ClCompile>
    <ClCompile Include="src\xe_scene.cpp">
      <Filter>Source Files</Filter>
    </ClCompile>
    <ClCompile Include="src\xe_graphics_device.cpp">
      <Filter>Source Files</Filter>
    </ClCompile>
    <ClCompile Include="src\xe_graphics_device_dx11.cpp">
      <Filter>Source Files</Filter>
    </ClCompile>
    <ClCompile Include="src\xe_utility.cpp">
      <Filter>Source Files</Filter>
    </ClCompile>
    <ClCompile Include="src\xe_gui.cpp">
      <Filter>Source Files</Filter>
    </ClCompile>
    <ClCompile Include="src\xe_config.cpp">
      <Filter>Source Files</Filter>
    </ClCompile>
    <ClCompile Include="src\xe_animation.cpp">
      <Filter>Source Files</Filter>
    </ClCompile>
    <ClCompile Include="src\xe_layer.cpp">
      <Filter>Source Files</Filter>
    </ClCompile>
    <ClCompile Include="src\xe_gizmo.cpp">
      <Filter>Source Files</Filter>
    </ClCompile>
    <ClCompile Include="src\xe_graphics_resource.cpp">
      <Filter>Source Files</Filter>
    </ClCompile>
  </ItemGroup>
  <ItemGroup>
    <None Include="src\models\barrels.fbx" />
    <None Include="src\imguit\imgui.ini" />
    <None Include="src\thirdparty\imguit\imgui.ini" />
    <None Include="shaders\basic2d.fs" />
    <None Include="shaders\basic2d.vs" />
    <None Include="shaders\basicShader.fs" />
    <None Include="shaders\basicShader.vs" />
    <None Include="shaders\basicshadows.fs" />
    <None Include="shaders\basicshadows.vs" />
    <None Include="shaders\blendingshader.fs" />
    <None Include="shaders\blendingshader.vs" />
    <None Include="shaders\bloom.fs" />
    <None Include="shaders\bloom.vs" />
    <None Include="shaders\blur.fs" />
    <None Include="shaders\blur.vs" />
    <None Include="shaders\clut.fs" />
    <None Include="shaders\cubeMap.fs" />
    <None Include="shaders\cubeMap.vs" />
    <None Include="shaders\defshading.fs" />
    <None Include="shaders\defshading.vs" />
    <None Include="shaders\depth.fs" />
    <None Include="shaders\depth.vs" />
    <None Include="shaders\fbo.fs" />
    <None Include="shaders\fbo.vs" />
    <None Include="shaders\gBuffer.fs" />
    <None Include="shaders\gBuffer.vs" />
    <None Include="shaders\light.fs" />
    <None Include="shaders\light.vs" />
    <None Include="shaders\lightPhongnew.fs" />
    <None Include="shaders\lightPhongnew.vs" />
    <None Include="shaders\lightrender.fs" />
    <None Include="shaders\lightrender.vs" />
    <None Include="shaders\normalShader.fs" />
    <None Include="shaders\normalShader.vs" />
    <None Include="shaders\parallaxmapping.fs" />
    <None Include="shaders\parallaxmapping.vs" />
    <None Include="shaders\pbr.fs" />
    <None Include="shaders\pbr.vs" />
    <None Include="shaders\pbr\background.fs" />
    <None Include="shaders\pbr\background.vs" />
    <None Include="shaders\pbr\brdf.fs" />
    <None Include="shaders\pbr\brdf.vs" />
    <None Include="shaders\pbr\cubemap.vs" />
    <None Include="shaders\pbr\equ_to_cubemap.fs" />
    <None Include="shaders\pbr\irradiance.fs" />
    <None Include="shaders\pbr\pbr.fs" />
    <None Include="shaders\pbr\pbr.vs" />
    <None Include="shaders\pbr\pref.fs" />
    <None Include="shaders\simple2d.vs" />
    <None Include="shaders\simplemodel.fs" />
    <None Include="shaders\simplemodel.vs" />
    <None Include="shaders\simpleshader.fs" />
    <None Include="shaders\simpleshader.vs" />
    <None Include="shaders\sky.fs" />
    <None Include="shaders\slight.fs" />
    <None Include="shaders\slight.vs" />
    <None Include="shaders\terrain.fs" />
    <None Include="shaders\terrain.vs" />
    <None Include="shaders\text.fs" />
    <None Include="shaders\text.vs" />
    <None Include="shaders\simple2d.fs" />
  </ItemGroup>
  <ItemGroup>
    <ClInclude Include="src\imguit\imconfig.h">
      <Filter>Header Files</Filter>
    </ClInclude>
    <ClInclude Include="src\imguit\imgui.h">
      <Filter>Header Files</Filter>
    </ClInclude>
    <ClInclude Include="src\imguit\imgui_impl_glfw.h">
      <Filter>Header Files</Filter>
    </ClInclude>
    <ClInclude Include="src\imguit\imgui_internal.h">
      <Filter>Header Files</Filter>
    </ClInclude>
    <ClInclude Include="src\imguit\imstb_rectpack.h">
      <Filter>Header Files</Filter>
    </ClInclude>
    <ClInclude Include="src\imguit\imstb_textedit.h">
      <Filter>Header Files</Filter>
    </ClInclude>
    <ClInclude Include="src\imguit\imstb_truetype.h">
      <Filter>Header Files</Filter>
    </ClInclude>
    <ClInclude Include="src\xenpch.h">
      <Filter>Header Files</Filter>
    </ClInclude>
    <ClInclude Include="src\material.h">
      <Filter>Header Files</Filter>
    </ClInclude>
    <ClInclude Include="src\objects\skybox.h">
      <Filter>Header Files</Filter>
    </ClInclude>
    <ClInclude Include="src\objects\water.h">
      <Filter>Header Files</Filter>
    </ClInclude>
    <ClInclude Include="src\objects\terrainutils\tile.h">
      <Filter>Header Files</Filter>
    </ClInclude>
    <ClInclude Include="src\objects\terrain.h">
      <Filter>Header Files</Filter>
    </ClInclude>
    <ClInclude Include="src\windowsystem\dx11.h">
      <Filter>Header Files</Filter>
    </ClInclude>
    <ClInclude Include="src\windowsystem\dx12.h">
      <Filter>Header Files</Filter>
    </ClInclude>
    <ClInclude Include="src\windowsystem\openglwnd.h">
      <Filter>Header Files</Filter>
    </ClInclude>
    <ClInclude Include="src\windowsystem\windowabstaraction.h">
      <Filter>Header Files</Filter>
    </ClInclude>
    <ClInclude Include="src\thirdparty\imguit\imgui_impl_dx11.h">
      <Filter>Header Files</Filter>
    </ClInclude>
    <ClInclude Include="src\thirdparty\imguit\imgui.h">
      <Filter>Header Files</Filter>
    </ClInclude>
    <ClInclude Include="src\thirdparty\imguit\imconfig.h">
      <Filter>Header Files</Filter>
    </ClInclude>
    <ClInclude Include="src\thirdparty\imguit\imgui_impl_opengl3.h">
      <Filter>Header Files</Filter>
    </ClInclude>
    <ClInclude Include="src\thirdparty\imguit\imgui_impl_win32.h">
      <Filter>Header Files</Filter>
    </ClInclude>
    <ClInclude Include="src\thirdparty\imguit\imgui_internal.h">
      <Filter>Header Files</Filter>
    </ClInclude>
    <ClInclude Include="src\thirdparty\imguit\imstb_rectpack.h">
      <Filter>Header Files</Filter>
    </ClInclude>
    <ClInclude Include="src\thirdparty\imguit\imstb_textedit.h">
      <Filter>Header Files</Filter>
    </ClInclude>
    <ClInclude Include="src\thirdparty\imguit\imstb_truetype.h">
      <Filter>Header Files</Filter>
    </ClInclude>
    <ClInclude Include="src\runtime\application\app.h">
      <Filter>Header Files</Filter>
    </ClInclude>
    <ClInclude Include="src\runtime\application\baseapp.h">
      <Filter>Header Files</Filter>
    </ClInclude>
    <ClInclude Include="src\runtime\application\testapp.h">
      <Filter>Header Files</Filter>
    </ClInclude>
    <ClInclude Include="src\runtime\objects\gbuffer.h">
      <Filter>Header Files</Filter>
    </ClInclude>
    <ClInclude Include="src\runtime\core\geometry\resources.h">
      <Filter>Header Files</Filter>
    </ClInclude>
    <ClInclude Include="src\runtime\core\systems\filefunc.h">
      <Filter>Header Files</Filter>
    </ClInclude>
    <ClInclude Include="src\runtime\core\systems\filesystem.h">
      <Filter>Header Files</Filter>
    </ClInclude>
    <ClInclude Include="src\runtime\core\utility\assert.h">
      <Filter>Header Files</Filter>
    </ClInclude>
    <ClInclude Include="src\runtime\core\utility\clock.h">
      <Filter>Header Files</Filter>
    </ClInclude>
    <ClInclude Include="src\runtime\core\utility\string.h">
      <Filter>Header Files</Filter>
    </ClInclude>
    <ClInclude Include="src\runtime\core\rendering\batchsprite.h">
      <Filter>Header Files</Filter>
    </ClInclude>
    <ClInclude Include="src\runtime\core\rendering\sprite.h">
      <Filter>Header Files</Filter>
    </ClInclude>
    <ClInclude Include="src\runtime\core\rendering\text.h">
      <Filter>Header Files</Filter>
    </ClInclude>
    <ClInclude Include="src\runtime\core\rendering\texture.h">
      <Filter>Header Files</Filter>
    </ClInclude>
    <ClInclude Include="src\runtime\core\rendering\texturetypes.h">
      <Filter>Header Files</Filter>
    </ClInclude>
    <ClInclude Include="src\runtime\core\rendering\ui\dxui.h">
      <Filter>Header Files</Filter>
    </ClInclude>
    <ClInclude Include="src\runtime\core\rendering\ui\glui.h">
      <Filter>Header Files</Filter>
    </ClInclude>
    <ClInclude Include="src\runtime\core\rendering\ui\ui.h">
      <Filter>Header Files</Filter>
    </ClInclude>
    <ClInclude Include="src\runtime\core\rendering\scenes\scene.h">
      <Filter>Header Files</Filter>
    </ClInclude>
    <ClInclude Include="src\runtime\core\rendering\scenes\sceneObjects.h">
      <Filter>Header Files</Filter>
    </ClInclude>
    <ClInclude Include="src\runtime\core\rendering\scenes\stackscene.h">
      <Filter>Header Files</Filter>
    </ClInclude>
    <ClInclude Include="src\runtime\core\rendering\rhi\rhi.h">
      <Filter>Header Files</Filter>
    </ClInclude>
    <ClInclude Include="src\runtime\core\rendering\pipeline\materials\basicmaterial.h">
      <Filter>Header Files</Filter>
    </ClInclude>
    <ClInclude Include="src\runtime\core\rendering\pipeline\materials\bpmaterial.h">
      <Filter>Header Files</Filter>
    </ClInclude>
    <ClInclude Include="src\runtime\core\rendering\pipeline\materials\pbrmaterial.h">
      <Filter>Header Files</Filter>
    </ClInclude>
    <ClInclude Include="src\runtime\core\rendering\pipeline\shaders.h">
      <Filter>Header Files</Filter>
    </ClInclude>
    <ClInclude Include="src\runtime\core\rendering\pipeline\shadersBase.h">
      <Filter>Header Files</Filter>
    </ClInclude>
    <ClInclude Include="src\runtime\core\rendering\pipeline\shadertype.h">
      <Filter>Header Files</Filter>
    </ClInclude>
    <ClInclude Include="src\runtime\core\rendering\layers\layer.h">
      <Filter>Header Files</Filter>
    </ClInclude>
    <ClInclude Include="src\runtime\core\rendering\layers\scenegraph.h">
      <Filter>Header Files</Filter>
    </ClInclude>
    <ClInclude Include="src\runtime\core\rendering\api\dx12\dx12context.h">
      <Filter>Header Files</Filter>
    </ClInclude>
    <ClInclude Include="src\runtime\core\rendering\api\dx11\dx11context.h">
      <Filter>Header Files</Filter>
    </ClInclude>
    <ClInclude Include="src\runtime\core\rendering\api\dx11\dx11indexbuffer.h">
      <Filter>Header Files</Filter>
    </ClInclude>
    <ClInclude Include="src\runtime\core\rendering\api\dx11\dx11vertexbuffer.h">
      <Filter>Header Files</Filter>
    </ClInclude>
    <ClInclude Include="src\runtime\core\rendering\api\dx11\dxshader.h">
      <Filter>Header Files</Filter>
    </ClInclude>
    <ClInclude Include="src\runtime\core\rendering\api\dx11\dxtexture.h">
      <Filter>Header Files</Filter>
    </ClInclude>
    <ClInclude Include="src\runtime\core\rendering\api\dx11\dxtypes.h">
      <Filter>Header Files</Filter>
    </ClInclude>
    <ClInclude Include="src\runtime\core\rendering\api\base\context.h">
      <Filter>Header Files</Filter>
    </ClInclude>
    <ClInclude Include="src\runtime\core\rendering\api\base\framebuffer.h">
      <Filter>Header Files</Filter>
    </ClInclude>
    <ClInclude Include="src\runtime\core\rendering\api\base\framebufferdepth.h">
      <Filter>Header Files</Filter>
    </ClInclude>
    <ClInclude Include="src\runtime\core\rendering\api\base\indexbuffer.h">
      <Filter>Header Files</Filter>
    </ClInclude>
    <ClInclude Include="src\runtime\core\rendering\api\base\texture.h">
      <Filter>Header Files</Filter>
    </ClInclude>
    <ClInclude Include="src\runtime\core\rendering\api\base\texturecube.h">
      <Filter>Header Files</Filter>
    </ClInclude>
    <ClInclude Include="src\runtime\core\rendering\api\base\vertexarray.h">
      <Filter>Header Files</Filter>
    </ClInclude>
    <ClInclude Include="src\runtime\core\rendering\api\base\vertexbuffer.h">
      <Filter>Header Files</Filter>
    </ClInclude>
    <ClInclude Include="src\exportapi.h">
      <Filter>Header Files</Filter>
    </ClInclude>
    <ClInclude Include="src\runtime\core\rendering\render\render.h">
      <Filter>Header Files</Filter>
    </ClInclude>
    <ClInclude Include="src\runtime\core\rendering\render\renderable3d.h">
      <Filter>Header Files</Filter>
    </ClInclude>
    <ClInclude Include="src\runtime\core\rendering\render\renderable2d.h">
      <Filter>Header Files</Filter>
    </ClInclude>
    <ClInclude Include="src\runtime\core\rendering\api\renderAPI.h">
      <Filter>Header Files</Filter>
    </ClInclude>
    <ClInclude Include="src\runtime\core\rendering\api\base\shader.h">
      <Filter>Header Files</Filter>
    </ClInclude>
    <ClInclude Include="src\runtime\core\memory\resourceobject.h">
      <Filter>Header Files</Filter>
    </ClInclude>
    <ClInclude Include="src\runtime\core\rendering\api\base\texture2d.h">
      <Filter>Header Files</Filter>
    </ClInclude>
    <ClInclude Include="inc\stb_image\stb_image.h">
      <Filter>Header Files</Filter>
    </ClInclude>
    <ClInclude Include="src\runtime\application\test.h">
      <Filter>Header Files</Filter>
    </ClInclude>
    <ClInclude Include="src\runtime\core\rendering\render\glrender.h">
      <Filter>Header Files</Filter>
    </ClInclude>
    <ClInclude Include="src\runtime\core\geometry\vertex.h">
      <Filter>Header Files</Filter>
    </ClInclude>
    <ClInclude Include="src\runtime\core\geometry\quad.h">
      <Filter>Header Files</Filter>
    </ClInclude>
    <ClInclude Include="src\runtime\animation\animation.h">
      <Filter>Header Files</Filter>
    </ClInclude>
    <ClInclude Include="src\runtime\animation\skeleton.h">
      <Filter>Header Files</Filter>
    </ClInclude>
    <ClInclude Include="src\runtime\platforms\win32\platformwin32.h">
      <Filter>Header Files</Filter>
    </ClInclude>
    <ClInclude Include="src\runtime\animation\key_frame.h">
      <Filter>Header Files</Filter>
    </ClInclude>
    <ClInclude Include="src\xengine_input.h">
      <Filter>Header Files</Filter>
    </ClInclude>
    <ClInclude Include="src\resourceobject.h">
      <Filter>Header Files</Filter>
    </ClInclude>
    <ClInclude Include="src\xengine_gl.h">
      <Filter>Header Files</Filter>
    </ClInclude>
    <ClInclude Include="src\xe_platform.h">
      <Filter>Header Files</Filter>
    </ClInclude>
    <ClInclude Include="src\xe_graphics_device.h">
      <Filter>Header Files</Filter>
    </ClInclude>
    <ClInclude Include="src\xe_graphics_resource.h">
      <Filter>Header Files</Filter>
    </ClInclude>
    <ClInclude Include="src\xe_graphics_device_gl.h">
      <Filter>Header Files</Filter>
    </ClInclude>
    <ClInclude Include="src\xe_ecs.h">
      <Filter>Header Files</Filter>
    </ClInclude>
    <ClInclude Include="src\xe_core.h">
      <Filter>Header Files</Filter>
    </ClInclude>
    <ClInclude Include="src\xe_render.h">
      <Filter>Header Files</Filter>
    </ClInclude>
    <ClInclude Include="src\xe_graphics_res_desc.h">
      <Filter>Header Files</Filter>
    </ClInclude>
    <ClInclude Include="src\xe_render_pass.h">
      <Filter>Header Files</Filter>
    </ClInclude>
    <ClInclude Include="src\xe_assets.h">
      <Filter>Header Files</Filter>
    </ClInclude>
    <ClInclude Include="src\xe_input.h">
      <Filter>Header Files</Filter>
    </ClInclude>
    <ClInclude Include="src\xe_scene.h">
      <Filter>Header Files</Filter>
    </ClInclude>
    <ClInclude Include="src\xe_graphics_device_dx11.h">
      <Filter>Header Files</Filter>
    </ClInclude>
    <ClInclude Include="inc\external\wglext.h">
      <Filter>Header Files</Filter>
    </ClInclude>
    <ClInclude Include="src\xe_memory.h">
      <Filter>Header Files</Filter>
    </ClInclude>
    <ClInclude Include="src\xe_math.h">
      <Filter>Header Files</Filter>
    </ClInclude>
    <ClInclude Include="src\xe_audio.h">
      <Filter>Header Files</Filter>
    </ClInclude>
    <ClInclude Include="src\xe_gui.h">
      <Filter>Header Files</Filter>
    </ClInclude>
    <ClInclude Include="src\xe_utility.h">
      <Filter>Header Files</Filter>
    </ClInclude>
    <ClInclude Include="src\xe_file_formats.h">
      <Filter>Header Files</Filter>
    </ClInclude>
    <ClInclude Include="src\xe_config.h">
      <Filter>Header Files</Filter>
    </ClInclude>
    <ClInclude Include="src\xe_containers.h">
      <Filter>Header Files</Filter>
    </ClInclude>
    <ClInclude Include="src\xe_animation.h">
      <Filter>Header Files</Filter>
    </ClInclude>
    <ClInclude Include="src\xe_layer.h">
      <Filter>Header Files</Filter>
    </ClInclude>
    <ClInclude Include="src\thirdparty\d3dx12.h">
      <Filter>Header Files</Filter>
    </ClInclude>
    <ClInclude Include="src\xengine.h">
      <Filter>Header Files</Filter>
    </ClInclude>
    <ClInclude Include="src\xe_gizmo.h">
      <Filter>Header Files</Filter>
    </ClInclude>
    <ClInclude Include="src\xe_types.h">
      <Filter>Header Files</Filter>
    </ClInclude>
  </ItemGroup>
  <ItemGroup>
    <FxCompile Include="src\shaders\triangle.hlsl" />
  </ItemGroup>
  <ItemGroup>
    <Font Include="src\fonts\arial.ttf" />
  </ItemGroup>
</Project>