
Microsoft Visual Studio Solution File, Format Version 12.00
# Visual Studio 15
VisualStudioVersion = 15.0.28307.168
MinimumVisualStudioVersion = 10.0.40219.1
Project("{8BC9CEB8-8B4A-11D0-8D11-00A0C91BC942}") = "HandmadeGlRenderer", "HandmadeGlRenderer\HandmadeGlRenderer.vcxproj", "{76BAC5B6-FDF0-4706-93B9-9B0C584FDF6E}"
EndProject
Project("{FAE04EC0-301F-11D3-BF4B-00C04F79EFBC}") = "Launcher", "Launcher\Launcher.csproj", "{074BF39A-F224-4CE0-9608-4B9C15EDB104}"
EndProject
Project("{8BC9CEB8-8B4A-11D0-8D11-00A0C91BC942}") = "Game", "Game\Game.vcxproj", "{7081EB0D-A3A1-4A82-84DA-867BB1871DBD}"
EndProject
Global
	GlobalSection(SolutionConfigurationPlatforms) = preSolution
		Debug|Any CPU = Debug|Any CPU
		Debug|ARM = Debug|ARM
		Debug|ARM64 = Debug|ARM64
		Debug|x64 = Debug|x64
		Debug|x86 = Debug|x86
		Release|Any CPU = Release|Any CPU
		Release|ARM = Release|ARM
		Release|ARM64 = Release|ARM64
		Release|x64 = Release|x64
		Release|x86 = Release|x86
	EndGlobalSection
	GlobalSection(ProjectConfigurationPlatforms) = postSolution
		{76BAC5B6-FDF0-4706-93B9-9B0C584FDF6E}.Debug|Any CPU.ActiveCfg = Debug|x64
		{76BAC5B6-FDF0-4706-93B9-9B0C584FDF6E}.Debug|ARM.ActiveCfg = Debug|x64
		{76BAC5B6-FDF0-4706-93B9-9B0C584FDF6E}.Debug|ARM64.ActiveCfg = Debug|x64
		{76BAC5B6-FDF0-4706-93B9-9B0C584FDF6E}.Debug|x64.ActiveCfg = Debug|x64
		{76BAC5B6-FDF0-4706-93B9-9B0C584FDF6E}.Debug|x64.Build.0 = Debug|x64
		{76BAC5B6-FDF0-4706-93B9-9B0C584FDF6E}.Debug|x86.ActiveCfg = Debug|x64
		{76BAC5B6-FDF0-4706-93B9-9B0C584FDF6E}.Release|Any CPU.ActiveCfg = Release|x64
		{76BAC5B6-FDF0-4706-93B9-9B0C584FDF6E}.Release|ARM.ActiveCfg = Release|x64
		{76BAC5B6-FDF0-4706-93B9-9B0C584FDF6E}.Release|ARM64.ActiveCfg = Release|x64
		{76BAC5B6-FDF0-4706-93B9-9B0C584FDF6E}.Release|x64.ActiveCfg = Release|x64
		{76BAC5B6-FDF0-4706-93B9-9B0C584FDF6E}.Release|x64.Build.0 = Release|x64
		{76BAC5B6-FDF0-4706-93B9-9B0C584FDF6E}.Release|x86.ActiveCfg = Release|x64
		{074BF39A-F224-4CE0-9608-4B9C15EDB104}.Debug|Any CPU.ActiveCfg = Debug|Any CPU
		{074BF39A-F224-4CE0-9608-4B9C15EDB104}.Debug|Any CPU.Build.0 = Debug|Any CPU
		{074BF39A-F224-4CE0-9608-4B9C15EDB104}.Debug|ARM.ActiveCfg = Debug|Any CPU
		{074BF39A-F224-4CE0-9608-4B9C15EDB104}.Debug|ARM.Build.0 = Debug|Any CPU
		{074BF39A-F224-4CE0-9608-4B9C15EDB104}.Debug|ARM64.ActiveCfg = Debug|Any CPU
		{074BF39A-F224-4CE0-9608-4B9C15EDB104}.Debug|ARM64.Build.0 = Debug|Any CPU
		{074BF39A-F224-4CE0-9608-4B9C15EDB104}.Debug|x64.ActiveCfg = Debug|Any CPU
		{074BF39A-F224-4CE0-9608-4B9C15EDB104}.Debug|x64.Build.0 = Debug|Any CPU
		{074BF39A-F224-4CE0-9608-4B9C15EDB104}.Debug|x86.ActiveCfg = Debug|Any CPU
		{074BF39A-F224-4CE0-9608-4B9C15EDB104}.Debug|x86.Build.0 = Debug|Any CPU
		{074BF39A-F224-4CE0-9608-4B9C15EDB104}.Release|Any CPU.ActiveCfg = Release|Any CPU
		{074BF39A-F224-4CE0-9608-4B9C15EDB104}.Release|Any CPU.Build.0 = Release|Any CPU
		{074BF39A-F224-4CE0-9608-4B9C15EDB104}.Release|ARM.ActiveCfg = Release|Any CPU
		{074BF39A-F224-4CE0-9608-4B9C15EDB104}.Release|ARM.Build.0 = Release|Any CPU
		{074BF39A-F224-4CE0-9608-4B9C15EDB104}.Release|ARM64.ActiveCfg = Release|Any CPU
		{074BF39A-F224-4CE0-9608-4B9C15EDB104}.Release|ARM64.Build.0 = Release|Any CPU
		{074BF39A-F224-4CE0-9608-4B9C15EDB104}.Release|x64.ActiveCfg = Release|Any CPU
		{074BF39A-F224-4CE0-9608-4B9C15EDB104}.Release|x64.Build.0 = Release|Any CPU
		{074BF39A-F224-4CE0-9608-4B9C15EDB104}.Release|x86.ActiveCfg = Release|Any CPU
		{074BF39A-F224-4CE0-9608-4B9C15EDB104}.Release|x86.Build.0 = Release|Any CPU
		{7081EB0D-A3A1-4A82-84DA-867BB1871DBD}.Debug|Any CPU.ActiveCfg = Debug|Win32
		{7081EB0D-A3A1-4A82-84DA-867BB1871DBD}.Debug|ARM.ActiveCfg = Debug|Win32
		{7081EB0D-A3A1-4A82-84DA-867BB1871DBD}.Debug|ARM64.ActiveCfg = Debug|Win32
		{7081EB0D-A3A1-4A82-84DA-867BB1871DBD}.Debug|x64.ActiveCfg = Debug|x64
		{7081EB0D-A3A1-4A82-84DA-867BB1871DBD}.Debug|x64.Build.0 = Debug|x64
		{7081EB0D-A3A1-4A82-84DA-867BB1871DBD}.Debug|x86.ActiveCfg = Debug|Win32
		{7081EB0D-A3A1-4A82-84DA-867BB1871DBD}.Debug|x86.Build.0 = Debug|Win32
		{7081EB0D-A3A1-4A82-84DA-867BB1871DBD}.Release|Any CPU.ActiveCfg = Release|Win32
		{7081EB0D-A3A1-4A82-84DA-867BB1871DBD}.Release|ARM.ActiveCfg = Release|Win32
		{7081EB0D-A3A1-4A82-84DA-867BB1871DBD}.Release|ARM64.ActiveCfg = Release|Win32
		{7081EB0D-A3A1-4A82-84DA-867BB1871DBD}.Release|x64.ActiveCfg = Release|x64
		{7081EB0D-A3A1-4A82-84DA-867BB1871DBD}.Release|x64.Build.0 = Release|x64
		{7081EB0D-A3A1-4A82-84DA-867BB1871DBD}.Release|x86.ActiveCfg = Release|Win32
		{7081EB0D-A3A1-4A82-84DA-867BB1871DBD}.Release|x86.Build.0 = Release|Win32
	EndGlobalSection
	GlobalSection(SolutionProperties) = preSolution
		HideSolutionNode = FALSE
	EndGlobalSection
	GlobalSection(ExtensibilityGlobals) = postSolution
		SolutionGuid = {2F5CFA80-601D-44F3-B35D-9C674BBF0E79}
	EndGlobalSection
EndGlobal
